
Microsoft Visual Studio Solution File, Format Version 12.00
# Visual Studio Version 17
VisualStudioVersion = 17.14.36518.9
MinimumVisualStudioVersion = 10.0.40219.1
Project("{FAE04EC0-301F-11D3-BF4B-00C04F79EFBC}") = "UI", "UI\UI.csproj", "{AFA41878-B90F-4E2B-BE56-15E00F221E88}"
EndProject
Project("{FAE04EC0-301F-11D3-BF4B-00C04F79EFBC}") = "DataAccess", "DataAccess\DataAccess.csproj", "{B9E4E1AC-924E-40B9-87E4-245E159F6C7E}"
EndProject
Project("{FAE04EC0-301F-11D3-BF4B-00C04F79EFBC}") = "Models", "Models\Models.csproj", "{ECBFEDE2-C942-4EA0-8DF8-93CF81F32679}"
EndProject
Project("{FAE04EC0-301F-11D3-BF4B-00C04F79EFBC}") = "BL", "BL\BL.csproj", "{8C45DAD5-E7A5-4B45-BC3A-5AC772263010}"
EndProject
Global
	GlobalSection(SolutionConfigurationPlatforms) = preSolution
		Debug|Any CPU = Debug|Any CPU
		Release|Any CPU = Release|Any CPU
	EndGlobalSection
	GlobalSection(ProjectConfigurationPlatforms) = postSolution
		{AFA41878-B90F-4E2B-BE56-15E00F221E88}.Debug|Any CPU.ActiveCfg = Debug|Any CPU
		{AFA41878-B90F-4E2B-BE56-15E00F221E88}.Debug|Any CPU.Build.0 = Debug|Any CPU
		{AFA41878-B90F-4E2B-BE56-15E00F221E88}.Release|Any CPU.ActiveCfg = Release|Any CPU
		{AFA41878-B90F-4E2B-BE56-15E00F221E88}.Release|Any CPU.Build.0 = Release|Any CPU
		{B9E4E1AC-924E-40B9-87E4-245E159F6C7E}.Debug|Any CPU.ActiveCfg = Debug|Any CPU
		{B9E4E1AC-924E-40B9-87E4-245E159F6C7E}.Debug|Any CPU.Build.0 = Debug|Any CPU
		{B9E4E1AC-924E-40B9-87E4-245E159F6C7E}.Release|Any CPU.ActiveCfg = Release|Any CPU
		{B9E4E1AC-924E-40B9-87E4-245E159F6C7E}.Release|Any CPU.Build.0 = Release|Any CPU
		{ECBFEDE2-C942-4EA0-8DF8-93CF81F32679}.Debug|Any CPU.ActiveCfg = Debug|Any CPU
		{ECBFEDE2-C942-4EA0-8DF8-93CF81F32679}.Debug|Any CPU.Build.0 = Debug|Any CPU
		{ECBFEDE2-C942-4EA0-8DF8-93CF81F32679}.Release|Any CPU.ActiveCfg = Release|Any CPU
		{ECBFEDE2-C942-4EA0-8DF8-93CF81F32679}.Release|Any CPU.Build.0 = Release|Any CPU
		{8C45DAD5-E7A5-4B45-BC3A-5AC772263010}.Debug|Any CPU.ActiveCfg = Debug|Any CPU
		{8C45DAD5-E7A5-4B45-BC3A-5AC772263010}.Debug|Any CPU.Build.0 = Debug|Any CPU
		{8C45DAD5-E7A5-4B45-BC3A-5AC772263010}.Release|Any CPU.ActiveCfg = Release|Any CPU
		{8C45DAD5-E7A5-4B45-BC3A-5AC772263010}.Release|Any CPU.Build.0 = Release|Any CPU
	EndGlobalSection
	GlobalSection(SolutionProperties) = preSolution
		HideSolutionNode = FALSE
	EndGlobalSection
	GlobalSection(ExtensibilityGlobals) = postSolution
		SolutionGuid = {BC3EC2A7-94C1-4DF5-9F1B-0C73B3B89AA0}
	EndGlobalSection
EndGlobal
